// !$*UTF8*$!
{
	archiveVersion = 1;
	classes = {
	};
	objectVersion = 52;
	objects = {

/* Begin PBXBuildFile section */
		3F124B7D242B059800DC4C1C /* AppDetailController.swift in Sources */ = {isa = PBXBuildFile; fileRef = 3F124B7C242B059800DC4C1C /* AppDetailController.swift */; };
		3F30955F2427774D0004ED83 /* Constants.swift in Sources */ = {isa = PBXBuildFile; fileRef = 3F30955E2427774D0004ED83 /* Constants.swift */; };
		3F30956124279CAC0004ED83 /* SearchController.swift in Sources */ = {isa = PBXBuildFile; fileRef = 3F30956024279CAC0004ED83 /* SearchController.swift */; };
		3F3095632427A4A70004ED83 /* SearchResultCell.swift in Sources */ = {isa = PBXBuildFile; fileRef = 3F3095622427A4A70004ED83 /* SearchResultCell.swift */; };
		3F3095672427B9A30004ED83 /* Extensions+UIView.swift in Sources */ = {isa = PBXBuildFile; fileRef = 3F3095662427B9A30004ED83 /* Extensions+UIView.swift */; };
		3F309569242828900004ED83 /* VerticalStackView.swift in Sources */ = {isa = PBXBuildFile; fileRef = 3F309568242828900004ED83 /* VerticalStackView.swift */; };
		3F30956B242830C40004ED83 /* SearchResult.swift in Sources */ = {isa = PBXBuildFile; fileRef = 3F30956A242830C40004ED83 /* SearchResult.swift */; };
		3F30957024283BB80004ED83 /* Extensions+Double.swift in Sources */ = {isa = PBXBuildFile; fileRef = 3F30956F24283BB80004ED83 /* Extensions+Double.swift */; };
		3F309573242840750004ED83 /* ApiService.swift in Sources */ = {isa = PBXBuildFile; fileRef = 3F309572242840750004ED83 /* ApiService.swift */; };
		3F3095762428475C0004ED83 /* SDWebImage in Frameworks */ = {isa = PBXBuildFile; productRef = 3F3095752428475C0004ED83 /* SDWebImage */; };
		3F309579242892710004ED83 /* AppsController.swift in Sources */ = {isa = PBXBuildFile; fileRef = 3F309578242892710004ED83 /* AppsController.swift */; };
		3F30957B242894280004ED83 /* BaseCollectionViewController.swift in Sources */ = {isa = PBXBuildFile; fileRef = 3F30957A242894280004ED83 /* BaseCollectionViewController.swift */; };
		3F616676242CB65D00362229 /* AppFullScreenDescriptionCell.swift in Sources */ = {isa = PBXBuildFile; fileRef = 3F616675242CB65D00362229 /* AppFullScreenDescriptionCell.swift */; };
		3F6767862428B46000968D5B /* AppsGroupCell.swift in Sources */ = {isa = PBXBuildFile; fileRef = 3F6767852428B46000968D5B /* AppsGroupCell.swift */; };
		3F6767882428B67A00968D5B /* Extensions+UILabel.swift in Sources */ = {isa = PBXBuildFile; fileRef = 3F6767872428B67A00968D5B /* Extensions+UILabel.swift */; };
		3F67678A2428B81800968D5B /* AppsHorizontalController.swift in Sources */ = {isa = PBXBuildFile; fileRef = 3F6767892428B81800968D5B /* AppsHorizontalController.swift */; };
		3F67678C2428E08600968D5B /* AppRowCell.swift in Sources */ = {isa = PBXBuildFile; fileRef = 3F67678B2428E08600968D5B /* AppRowCell.swift */; };
		3F67678E2428E2DD00968D5B /* Extensions+UIImageView.swift in Sources */ = {isa = PBXBuildFile; fileRef = 3F67678D2428E2DD00968D5B /* Extensions+UIImageView.swift */; };
		3F6767902428F84200968D5B /* Extensions+UIButton.swift in Sources */ = {isa = PBXBuildFile; fileRef = 3F67678F2428F84200968D5B /* Extensions+UIButton.swift */; };
		3F88085A2427708D00B80590 /* AppDelegate.swift in Sources */ = {isa = PBXBuildFile; fileRef = 3F8808592427708D00B80590 /* AppDelegate.swift */; };
		3F88085C2427708D00B80590 /* SceneDelegate.swift in Sources */ = {isa = PBXBuildFile; fileRef = 3F88085B2427708D00B80590 /* SceneDelegate.swift */; };
		3F8808632427708F00B80590 /* Assets.xcassets in Resources */ = {isa = PBXBuildFile; fileRef = 3F8808622427708F00B80590 /* Assets.xcassets */; };
		3F8808662427708F00B80590 /* LaunchScreen.storyboard in Resources */ = {isa = PBXBuildFile; fileRef = 3F8808642427708F00B80590 /* LaunchScreen.storyboard */; };
		3F8808722427720600B80590 /* BaseTabBarController.swift in Sources */ = {isa = PBXBuildFile; fileRef = 3F8808712427720600B80590 /* BaseTabBarController.swift */; };
		3F8C413B2429B2E3004CA1B1 /* AppsPageHeader.swift in Sources */ = {isa = PBXBuildFile; fileRef = 3F8C413A2429B2E3004CA1B1 /* AppsPageHeader.swift */; };
		3F8C413D2429B8C0004CA1B1 /* AppsHeaderHorizontalController.swift in Sources */ = {isa = PBXBuildFile; fileRef = 3F8C413C2429B8C0004CA1B1 /* AppsHeaderHorizontalController.swift */; };
		3F8C413F2429C26D004CA1B1 /* AppsHeaderCell.swift in Sources */ = {isa = PBXBuildFile; fileRef = 3F8C413E2429C26D004CA1B1 /* AppsHeaderCell.swift */; };
		3F8C41412429CF24004CA1B1 /* FeedResult.swift in Sources */ = {isa = PBXBuildFile; fileRef = 3F8C41402429CF24004CA1B1 /* FeedResult.swift */; };
		3F8C41442429FC23004CA1B1 /* ActivityIndicatorView.swift in Sources */ = {isa = PBXBuildFile; fileRef = 3F8C41432429FC23004CA1B1 /* ActivityIndicatorView.swift */; };
		3F8C4146242A3017004CA1B1 /* SocialApp.swift in Sources */ = {isa = PBXBuildFile; fileRef = 3F8C4145242A3017004CA1B1 /* SocialApp.swift */; };
		3F8C414A242A6662004CA1B1 /* HorizontalSnappingController.swift in Sources */ = {isa = PBXBuildFile; fileRef = 3F8C4149242A6662004CA1B1 /* HorizontalSnappingController.swift */; };
		3F8FC90E242B0FC6006C13D8 /* AppDetailInfoCell.swift in Sources */ = {isa = PBXBuildFile; fileRef = 3F8FC90D242B0FC6006C13D8 /* AppDetailInfoCell.swift */; };
		3F8FC910242B20E1006C13D8 /* GetButton.swift in Sources */ = {isa = PBXBuildFile; fileRef = 3F8FC90F242B20E1006C13D8 /* GetButton.swift */; };
		3F8FC912242B235E006C13D8 /* AppIconImageView.swift in Sources */ = {isa = PBXBuildFile; fileRef = 3F8FC911242B235E006C13D8 /* AppIconImageView.swift */; };
		3F8FC914242B28DB006C13D8 /* Extensions+UIStackView.swift in Sources */ = {isa = PBXBuildFile; fileRef = 3F8FC913242B28DB006C13D8 /* Extensions+UIStackView.swift */; };
		3FAEC4C6242C9565006B07D6 /* AppFullScreenController.swift in Sources */ = {isa = PBXBuildFile; fileRef = 3FAEC4C5242C9565006B07D6 /* AppFullScreenController.swift */; };
		3FC316BB242B591200C84097 /* AppDetailPreviewsCell.swift in Sources */ = {isa = PBXBuildFile; fileRef = 3FC316BA242B591200C84097 /* AppDetailPreviewsCell.swift */; };
		3FC316BD242B5C9800C84097 /* AppDetailPreviewController.swift in Sources */ = {isa = PBXBuildFile; fileRef = 3FC316BC242B5C9800C84097 /* AppDetailPreviewController.swift */; };
		3FC316BF242B5E1500C84097 /* ScreenshotCell.swift in Sources */ = {isa = PBXBuildFile; fileRef = 3FC316BE242B5E1500C84097 /* ScreenshotCell.swift */; };
		3FC316C1242B5E7D00C84097 /* ScreenshotImageView.swift in Sources */ = {isa = PBXBuildFile; fileRef = 3FC316C0242B5E7D00C84097 /* ScreenshotImageView.swift */; };
		3FC316C3242B860A00C84097 /* AppDetailReviewRowCell.swift in Sources */ = {isa = PBXBuildFile; fileRef = 3FC316C2242B860A00C84097 /* AppDetailReviewRowCell.swift */; };
		3FC316C5242B890B00C84097 /* AppDetailReviewsController.swift in Sources */ = {isa = PBXBuildFile; fileRef = 3FC316C4242B890B00C84097 /* AppDetailReviewsController.swift */; };
		3FC316C7242B894D00C84097 /* ReviewCell.swift in Sources */ = {isa = PBXBuildFile; fileRef = 3FC316C6242B894D00C84097 /* ReviewCell.swift */; };
		3FC316C9242B976B00C84097 /* SpacerView.swift in Sources */ = {isa = PBXBuildFile; fileRef = 3FC316C8242B976A00C84097 /* SpacerView.swift */; };
		3FC316CB242BB77D00C84097 /* ReviewsData.swift in Sources */ = {isa = PBXBuildFile; fileRef = 3FC316CA242BB77D00C84097 /* ReviewsData.swift */; };
		3FE1E9E8242C78DB003571EA /* TodayController.swift in Sources */ = {isa = PBXBuildFile; fileRef = 3FE1E9E7242C78DB003571EA /* TodayController.swift */; };
		3FE1E9EB242C7A58003571EA /* TodayCell.swift in Sources */ = {isa = PBXBuildFile; fileRef = 3FE1E9EA242C7A58003571EA /* TodayCell.swift */; };
/* End PBXBuildFile section */

/* Begin PBXFileReference section */
		3F124B7C242B059800DC4C1C /* AppDetailController.swift */ = {isa = PBXFileReference; lastKnownFileType = sourcecode.swift; path = AppDetailController.swift; sourceTree = "<group>"; };
		3F30955E2427774D0004ED83 /* Constants.swift */ = {isa = PBXFileReference; lastKnownFileType = sourcecode.swift; path = Constants.swift; sourceTree = "<group>"; };
		3F30956024279CAC0004ED83 /* SearchController.swift */ = {isa = PBXFileReference; lastKnownFileType = sourcecode.swift; path = SearchController.swift; sourceTree = "<group>"; };
		3F3095622427A4A70004ED83 /* SearchResultCell.swift */ = {isa = PBXFileReference; lastKnownFileType = sourcecode.swift; path = SearchResultCell.swift; sourceTree = "<group>"; };
		3F3095662427B9A30004ED83 /* Extensions+UIView.swift */ = {isa = PBXFileReference; fileEncoding = 4; lastKnownFileType = sourcecode.swift; path = "Extensions+UIView.swift"; sourceTree = "<group>"; };
		3F309568242828900004ED83 /* VerticalStackView.swift */ = {isa = PBXFileReference; lastKnownFileType = sourcecode.swift; path = VerticalStackView.swift; sourceTree = "<group>"; };
		3F30956A242830C40004ED83 /* SearchResult.swift */ = {isa = PBXFileReference; lastKnownFileType = sourcecode.swift; path = SearchResult.swift; sourceTree = "<group>"; };
		3F30956F24283BB80004ED83 /* Extensions+Double.swift */ = {isa = PBXFileReference; lastKnownFileType = sourcecode.swift; path = "Extensions+Double.swift"; sourceTree = "<group>"; };
		3F309572242840750004ED83 /* ApiService.swift */ = {isa = PBXFileReference; lastKnownFileType = sourcecode.swift; path = ApiService.swift; sourceTree = "<group>"; };
		3F309578242892710004ED83 /* AppsController.swift */ = {isa = PBXFileReference; lastKnownFileType = sourcecode.swift; path = AppsController.swift; sourceTree = "<group>"; };
		3F30957A242894280004ED83 /* BaseCollectionViewController.swift */ = {isa = PBXFileReference; lastKnownFileType = sourcecode.swift; path = BaseCollectionViewController.swift; sourceTree = "<group>"; };
		3F616675242CB65D00362229 /* AppFullScreenDescriptionCell.swift */ = {isa = PBXFileReference; lastKnownFileType = sourcecode.swift; path = AppFullScreenDescriptionCell.swift; sourceTree = "<group>"; };
		3F6767852428B46000968D5B /* AppsGroupCell.swift */ = {isa = PBXFileReference; lastKnownFileType = sourcecode.swift; path = AppsGroupCell.swift; sourceTree = "<group>"; };
		3F6767872428B67A00968D5B /* Extensions+UILabel.swift */ = {isa = PBXFileReference; lastKnownFileType = sourcecode.swift; path = "Extensions+UILabel.swift"; sourceTree = "<group>"; };
		3F6767892428B81800968D5B /* AppsHorizontalController.swift */ = {isa = PBXFileReference; lastKnownFileType = sourcecode.swift; path = AppsHorizontalController.swift; sourceTree = "<group>"; };
		3F67678B2428E08600968D5B /* AppRowCell.swift */ = {isa = PBXFileReference; lastKnownFileType = sourcecode.swift; path = AppRowCell.swift; sourceTree = "<group>"; };
		3F67678D2428E2DD00968D5B /* Extensions+UIImageView.swift */ = {isa = PBXFileReference; lastKnownFileType = sourcecode.swift; path = "Extensions+UIImageView.swift"; sourceTree = "<group>"; };
		3F67678F2428F84200968D5B /* Extensions+UIButton.swift */ = {isa = PBXFileReference; lastKnownFileType = sourcecode.swift; path = "Extensions+UIButton.swift"; sourceTree = "<group>"; };
		3F8808562427708D00B80590 /* BestAppStore.app */ = {isa = PBXFileReference; explicitFileType = wrapper.application; includeInIndex = 0; path = BestAppStore.app; sourceTree = BUILT_PRODUCTS_DIR; };
		3F8808592427708D00B80590 /* AppDelegate.swift */ = {isa = PBXFileReference; lastKnownFileType = sourcecode.swift; path = AppDelegate.swift; sourceTree = "<group>"; };
		3F88085B2427708D00B80590 /* SceneDelegate.swift */ = {isa = PBXFileReference; lastKnownFileType = sourcecode.swift; path = SceneDelegate.swift; sourceTree = "<group>"; };
		3F8808622427708F00B80590 /* Assets.xcassets */ = {isa = PBXFileReference; lastKnownFileType = folder.assetcatalog; path = Assets.xcassets; sourceTree = "<group>"; };
		3F8808652427708F00B80590 /* Base */ = {isa = PBXFileReference; lastKnownFileType = file.storyboard; name = Base; path = Base.lproj/LaunchScreen.storyboard; sourceTree = "<group>"; };
		3F8808672427708F00B80590 /* Info.plist */ = {isa = PBXFileReference; lastKnownFileType = text.plist.xml; path = Info.plist; sourceTree = "<group>"; };
		3F8808712427720600B80590 /* BaseTabBarController.swift */ = {isa = PBXFileReference; lastKnownFileType = sourcecode.swift; path = BaseTabBarController.swift; sourceTree = "<group>"; };
		3F8C413A2429B2E3004CA1B1 /* AppsPageHeader.swift */ = {isa = PBXFileReference; lastKnownFileType = sourcecode.swift; path = AppsPageHeader.swift; sourceTree = "<group>"; };
		3F8C413C2429B8C0004CA1B1 /* AppsHeaderHorizontalController.swift */ = {isa = PBXFileReference; lastKnownFileType = sourcecode.swift; path = AppsHeaderHorizontalController.swift; sourceTree = "<group>"; };
		3F8C413E2429C26D004CA1B1 /* AppsHeaderCell.swift */ = {isa = PBXFileReference; lastKnownFileType = sourcecode.swift; path = AppsHeaderCell.swift; sourceTree = "<group>"; };
		3F8C41402429CF24004CA1B1 /* FeedResult.swift */ = {isa = PBXFileReference; lastKnownFileType = sourcecode.swift; path = FeedResult.swift; sourceTree = "<group>"; };
		3F8C41432429FC23004CA1B1 /* ActivityIndicatorView.swift */ = {isa = PBXFileReference; lastKnownFileType = sourcecode.swift; path = ActivityIndicatorView.swift; sourceTree = "<group>"; };
		3F8C4145242A3017004CA1B1 /* SocialApp.swift */ = {isa = PBXFileReference; lastKnownFileType = sourcecode.swift; path = SocialApp.swift; sourceTree = "<group>"; };
		3F8C4149242A6662004CA1B1 /* HorizontalSnappingController.swift */ = {isa = PBXFileReference; lastKnownFileType = sourcecode.swift; path = HorizontalSnappingController.swift; sourceTree = "<group>"; };
		3F8FC90D242B0FC6006C13D8 /* AppDetailInfoCell.swift */ = {isa = PBXFileReference; lastKnownFileType = sourcecode.swift; path = AppDetailInfoCell.swift; sourceTree = "<group>"; };
		3F8FC90F242B20E1006C13D8 /* GetButton.swift */ = {isa = PBXFileReference; lastKnownFileType = sourcecode.swift; path = GetButton.swift; sourceTree = "<group>"; };
		3F8FC911242B235E006C13D8 /* AppIconImageView.swift */ = {isa = PBXFileReference; lastKnownFileType = sourcecode.swift; path = AppIconImageView.swift; sourceTree = "<group>"; };
		3F8FC913242B28DB006C13D8 /* Extensions+UIStackView.swift */ = {isa = PBXFileReference; lastKnownFileType = sourcecode.swift; path = "Extensions+UIStackView.swift"; sourceTree = "<group>"; };
		3FAEC4C5242C9565006B07D6 /* AppFullScreenController.swift */ = {isa = PBXFileReference; lastKnownFileType = sourcecode.swift; path = AppFullScreenController.swift; sourceTree = "<group>"; };
		3FC316BA242B591200C84097 /* AppDetailPreviewsCell.swift */ = {isa = PBXFileReference; lastKnownFileType = sourcecode.swift; path = AppDetailPreviewsCell.swift; sourceTree = "<group>"; };
		3FC316BC242B5C9800C84097 /* AppDetailPreviewController.swift */ = {isa = PBXFileReference; lastKnownFileType = sourcecode.swift; path = AppDetailPreviewController.swift; sourceTree = "<group>"; };
		3FC316BE242B5E1500C84097 /* ScreenshotCell.swift */ = {isa = PBXFileReference; lastKnownFileType = sourcecode.swift; path = ScreenshotCell.swift; sourceTree = "<group>"; };
		3FC316C0242B5E7D00C84097 /* ScreenshotImageView.swift */ = {isa = PBXFileReference; lastKnownFileType = sourcecode.swift; path = ScreenshotImageView.swift; sourceTree = "<group>"; };
		3FC316C2242B860A00C84097 /* AppDetailReviewRowCell.swift */ = {isa = PBXFileReference; lastKnownFileType = sourcecode.swift; path = AppDetailReviewRowCell.swift; sourceTree = "<group>"; };
		3FC316C4242B890B00C84097 /* AppDetailReviewsController.swift */ = {isa = PBXFileReference; lastKnownFileType = sourcecode.swift; path = AppDetailReviewsController.swift; sourceTree = "<group>"; };
		3FC316C6242B894D00C84097 /* ReviewCell.swift */ = {isa = PBXFileReference; lastKnownFileType = sourcecode.swift; path = ReviewCell.swift; sourceTree = "<group>"; };
		3FC316C8242B976A00C84097 /* SpacerView.swift */ = {isa = PBXFileReference; fileEncoding = 4; lastKnownFileType = sourcecode.swift; path = SpacerView.swift; sourceTree = "<group>"; };
		3FC316CA242BB77D00C84097 /* ReviewsData.swift */ = {isa = PBXFileReference; lastKnownFileType = sourcecode.swift; path = ReviewsData.swift; sourceTree = "<group>"; };
		3FE1E9E7242C78DB003571EA /* TodayController.swift */ = {isa = PBXFileReference; lastKnownFileType = sourcecode.swift; path = TodayController.swift; sourceTree = "<group>"; };
		3FE1E9EA242C7A58003571EA /* TodayCell.swift */ = {isa = PBXFileReference; lastKnownFileType = sourcecode.swift; path = TodayCell.swift; sourceTree = "<group>"; };
/* End PBXFileReference section */

/* Begin PBXFrameworksBuildPhase section */
		3F8808532427708D00B80590 /* Frameworks */ = {
			isa = PBXFrameworksBuildPhase;
			buildActionMask = 2147483647;
			files = (
				3F3095762428475C0004ED83 /* SDWebImage in Frameworks */,
			);
			runOnlyForDeploymentPostprocessing = 0;
		};
/* End PBXFrameworksBuildPhase section */

/* Begin PBXGroup section */
		3F124B7B242B057400DC4C1C /* Details */ = {
			isa = PBXGroup;
			children = (
				3F124B7C242B059800DC4C1C /* AppDetailController.swift */,
				3FC316BC242B5C9800C84097 /* AppDetailPreviewController.swift */,
				3FC316C4242B890B00C84097 /* AppDetailReviewsController.swift */,
			);
			path = Details;
			sourceTree = "<group>";
		};
		3F30955D2427773B0004ED83 /* Constants */ = {
			isa = PBXGroup;
			children = (
				3F30955E2427774D0004ED83 /* Constants.swift */,
			);
			path = Constants;
			sourceTree = "<group>";
		};
		3F30956E24283B9D0004ED83 /* Extensions */ = {
			isa = PBXGroup;
			children = (
				3F3095662427B9A30004ED83 /* Extensions+UIView.swift */,
				3F30956F24283BB80004ED83 /* Extensions+Double.swift */,
				3F6767872428B67A00968D5B /* Extensions+UILabel.swift */,
				3F67678D2428E2DD00968D5B /* Extensions+UIImageView.swift */,
				3F67678F2428F84200968D5B /* Extensions+UIButton.swift */,
				3F8FC913242B28DB006C13D8 /* Extensions+UIStackView.swift */,
			);
			path = Extensions;
			sourceTree = "<group>";
		};
		3F309571242840370004ED83 /* Services */ = {
			isa = PBXGroup;
			children = (
				3F309572242840750004ED83 /* ApiService.swift */,
			);
			path = Services;
			sourceTree = "<group>";
		};
		3F3095772428924F0004ED83 /* Apps */ = {
			isa = PBXGroup;
			children = (
				3F124B7B242B057400DC4C1C /* Details */,
				3F309578242892710004ED83 /* AppsController.swift */,
				3F6767892428B81800968D5B /* AppsHorizontalController.swift */,
				3F8C413C2429B8C0004CA1B1 /* AppsHeaderHorizontalController.swift */,
			);
			path = Apps;
			sourceTree = "<group>";
		};
		3F30957C242894BF0004ED83 /* Search */ = {
			isa = PBXGroup;
			children = (
				3F30956024279CAC0004ED83 /* SearchController.swift */,
			);
			path = Search;
			sourceTree = "<group>";
		};
		3F6767832428B42900968D5B /* Apps */ = {
			isa = PBXGroup;
			children = (
				3F8FC90C242B0FB7006C13D8 /* Details */,
				3F6767852428B46000968D5B /* AppsGroupCell.swift */,
				3F67678B2428E08600968D5B /* AppRowCell.swift */,
				3F8C413A2429B2E3004CA1B1 /* AppsPageHeader.swift */,
				3F8C413E2429C26D004CA1B1 /* AppsHeaderCell.swift */,
			);
			path = Apps;
			sourceTree = "<group>";
		};
		3F6767842428B43000968D5B /* Search */ = {
			isa = PBXGroup;
			children = (
				3F3095622427A4A70004ED83 /* SearchResultCell.swift */,
			);
			path = Search;
			sourceTree = "<group>";
		};
		3F88084D2427708D00B80590 = {
			isa = PBXGroup;
			children = (
				3F8808582427708D00B80590 /* BestAppStore */,
				3F8808572427708D00B80590 /* Products */,
			);
			sourceTree = "<group>";
		};
		3F8808572427708D00B80590 /* Products */ = {
			isa = PBXGroup;
			children = (
				3F8808562427708D00B80590 /* BestAppStore.app */,
			);
			name = Products;
			sourceTree = "<group>";
		};
		3F8808582427708D00B80590 /* BestAppStore */ = {
			isa = PBXGroup;
			children = (
				3F8C41422429FC0D004CA1B1 /* Components */,
				3F30955D2427773B0004ED83 /* Constants */,
				3F88086E242770BD00B80590 /* Controllers */,
				3F30956E24283B9D0004ED83 /* Extensions */,
				3F88086F242770C700B80590 /* Models */,
				3F309571242840370004ED83 /* Services */,
				3F880870242771D100B80590 /* Views */,
				3F8808592427708D00B80590 /* AppDelegate.swift */,
				3F88085B2427708D00B80590 /* SceneDelegate.swift */,
				3F8808622427708F00B80590 /* Assets.xcassets */,
				3F8808642427708F00B80590 /* LaunchScreen.storyboard */,
				3F8808672427708F00B80590 /* Info.plist */,
			);
			path = BestAppStore;
			sourceTree = "<group>";
		};
		3F88086E242770BD00B80590 /* Controllers */ = {
			isa = PBXGroup;
			children = (
				3FE1E9E6242C78CC003571EA /* Today */,
				3F3095772428924F0004ED83 /* Apps */,
				3F30957C242894BF0004ED83 /* Search */,
				3F8808712427720600B80590 /* BaseTabBarController.swift */,
				3F30957A242894280004ED83 /* BaseCollectionViewController.swift */,
				3F8C4149242A6662004CA1B1 /* HorizontalSnappingController.swift */,
			);
			path = Controllers;
			sourceTree = "<group>";
		};
		3F88086F242770C700B80590 /* Models */ = {
			isa = PBXGroup;
			children = (
				3F30956A242830C40004ED83 /* SearchResult.swift */,
				3F8C41402429CF24004CA1B1 /* FeedResult.swift */,
				3F8C4145242A3017004CA1B1 /* SocialApp.swift */,
				3FC316CA242BB77D00C84097 /* ReviewsData.swift */,
			);
			path = Models;
			sourceTree = "<group>";
		};
		3F880870242771D100B80590 /* Views */ = {
			isa = PBXGroup;
			children = (
				3FE1E9E9242C7A4D003571EA /* Today */,
				3F6767832428B42900968D5B /* Apps */,
				3F6767842428B43000968D5B /* Search */,
			);
			path = Views;
			sourceTree = "<group>";
		};
		3F8C41422429FC0D004CA1B1 /* Components */ = {
			isa = PBXGroup;
			children = (
				3F8C41432429FC23004CA1B1 /* ActivityIndicatorView.swift */,
				3F8FC90F242B20E1006C13D8 /* GetButton.swift */,
				3F8FC911242B235E006C13D8 /* AppIconImageView.swift */,
				3FC316C0242B5E7D00C84097 /* ScreenshotImageView.swift */,
				3FC316C8242B976A00C84097 /* SpacerView.swift */,
				3F309568242828900004ED83 /* VerticalStackView.swift */,
			);
			path = Components;
			sourceTree = "<group>";
		};
		3F8FC90C242B0FB7006C13D8 /* Details */ = {
			isa = PBXGroup;
			children = (
				3F8FC90D242B0FC6006C13D8 /* AppDetailInfoCell.swift */,
				3FC316BA242B591200C84097 /* AppDetailPreviewsCell.swift */,
				3FC316BE242B5E1500C84097 /* ScreenshotCell.swift */,
				3FC316C2242B860A00C84097 /* AppDetailReviewRowCell.swift */,
				3FC316C6242B894D00C84097 /* ReviewCell.swift */,
			);
			path = Details;
			sourceTree = "<group>";
		};
		3FE1E9E6242C78CC003571EA /* Today */ = {
			isa = PBXGroup;
			children = (
				3FAEC4C5242C9565006B07D6 /* AppFullScreenController.swift */,
				3FE1E9E7242C78DB003571EA /* TodayController.swift */,
			);
			path = Today;
			sourceTree = "<group>";
		};
		3FE1E9E9242C7A4D003571EA /* Today */ = {
			isa = PBXGroup;
			children = (
				3FE1E9EA242C7A58003571EA /* TodayCell.swift */,
				3F616675242CB65D00362229 /* AppFullScreenDescriptionCell.swift */,
			);
			path = Today;
			sourceTree = "<group>";
		};
/* End PBXGroup section */

/* Begin PBXNativeTarget section */
		3F8808552427708D00B80590 /* BestAppStore */ = {
			isa = PBXNativeTarget;
			buildConfigurationList = 3F88086A2427708F00B80590 /* Build configuration list for PBXNativeTarget "BestAppStore" */;
			buildPhases = (
				3F8808522427708D00B80590 /* Sources */,
				3F8808532427708D00B80590 /* Frameworks */,
				3F8808542427708D00B80590 /* Resources */,
			);
			buildRules = (
			);
			dependencies = (
			);
			name = BestAppStore;
			packageProductDependencies = (
				3F3095752428475C0004ED83 /* SDWebImage */,
			);
			productName = BestAppStore;
			productReference = 3F8808562427708D00B80590 /* BestAppStore.app */;
			productType = "com.apple.product-type.application";
		};
/* End PBXNativeTarget section */

/* Begin PBXProject section */
		3F88084E2427708D00B80590 /* Project object */ = {
			isa = PBXProject;
			attributes = {
				LastSwiftUpdateCheck = 1130;
				LastUpgradeCheck = 1130;
				ORGANIZATIONNAME = "Pasi Bergman";
				TargetAttributes = {
					3F8808552427708D00B80590 = {
						CreatedOnToolsVersion = 11.3.1;
					};
				};
			};
			buildConfigurationList = 3F8808512427708D00B80590 /* Build configuration list for PBXProject "BestAppStore" */;
			compatibilityVersion = "Xcode 9.3";
			developmentRegion = en;
			hasScannedForEncodings = 0;
			knownRegions = (
				en,
				Base,
			);
			mainGroup = 3F88084D2427708D00B80590;
			packageReferences = (
				3F3095742428475C0004ED83 /* XCRemoteSwiftPackageReference "SDWebImage" */,
			);
			productRefGroup = 3F8808572427708D00B80590 /* Products */;
			projectDirPath = "";
			projectRoot = "";
			targets = (
				3F8808552427708D00B80590 /* BestAppStore */,
			);
		};
/* End PBXProject section */

/* Begin PBXResourcesBuildPhase section */
		3F8808542427708D00B80590 /* Resources */ = {
			isa = PBXResourcesBuildPhase;
			buildActionMask = 2147483647;
			files = (
				3F8808662427708F00B80590 /* LaunchScreen.storyboard in Resources */,
				3F8808632427708F00B80590 /* Assets.xcassets in Resources */,
			);
			runOnlyForDeploymentPostprocessing = 0;
		};
/* End PBXResourcesBuildPhase section */

/* Begin PBXSourcesBuildPhase section */
		3F8808522427708D00B80590 /* Sources */ = {
			isa = PBXSourcesBuildPhase;
			buildActionMask = 2147483647;
			files = (
				3FC316C3242B860A00C84097 /* AppDetailReviewRowCell.swift in Sources */,
				3F3095672427B9A30004ED83 /* Extensions+UIView.swift in Sources */,
				3F6767902428F84200968D5B /* Extensions+UIButton.swift in Sources */,
				3FE1E9E8242C78DB003571EA /* TodayController.swift in Sources */,
				3F30956B242830C40004ED83 /* SearchResult.swift in Sources */,
				3F8C414A242A6662004CA1B1 /* HorizontalSnappingController.swift in Sources */,
				3FC316C7242B894D00C84097 /* ReviewCell.swift in Sources */,
				3F309573242840750004ED83 /* ApiService.swift in Sources */,
				3F88085A2427708D00B80590 /* AppDelegate.swift in Sources */,
				3F616676242CB65D00362229 /* AppFullScreenDescriptionCell.swift in Sources */,
				3F6767862428B46000968D5B /* AppsGroupCell.swift in Sources */,
				3F8FC910242B20E1006C13D8 /* GetButton.swift in Sources */,
				3F30956124279CAC0004ED83 /* SearchController.swift in Sources */,
				3F67678E2428E2DD00968D5B /* Extensions+UIImageView.swift in Sources */,
				3F3095632427A4A70004ED83 /* SearchResultCell.swift in Sources */,
				3F8C413F2429C26D004CA1B1 /* AppsHeaderCell.swift in Sources */,
				3FC316C9242B976B00C84097 /* SpacerView.swift in Sources */,
				3FC316C5242B890B00C84097 /* AppDetailReviewsController.swift in Sources */,
				3F8C41412429CF24004CA1B1 /* FeedResult.swift in Sources */,
				3F88085C2427708D00B80590 /* SceneDelegate.swift in Sources */,
				3F8C413D2429B8C0004CA1B1 /* AppsHeaderHorizontalController.swift in Sources */,
				3FC316BD242B5C9800C84097 /* AppDetailPreviewController.swift in Sources */,
				3F67678C2428E08600968D5B /* AppRowCell.swift in Sources */,
				3F309569242828900004ED83 /* VerticalStackView.swift in Sources */,
				3F8C413B2429B2E3004CA1B1 /* AppsPageHeader.swift in Sources */,
				3F8C4146242A3017004CA1B1 /* SocialApp.swift in Sources */,
				3F124B7D242B059800DC4C1C /* AppDetailController.swift in Sources */,
				3F8C41442429FC23004CA1B1 /* ActivityIndicatorView.swift in Sources */,
				3F309579242892710004ED83 /* AppsController.swift in Sources */,
				3FC316C1242B5E7D00C84097 /* ScreenshotImageView.swift in Sources */,
				3FE1E9EB242C7A58003571EA /* TodayCell.swift in Sources */,
				3F30957024283BB80004ED83 /* Extensions+Double.swift in Sources */,
				3F8808722427720600B80590 /* BaseTabBarController.swift in Sources */,
				3F67678A2428B81800968D5B /* AppsHorizontalController.swift in Sources */,
				3F6767882428B67A00968D5B /* Extensions+UILabel.swift in Sources */,
				3F30957B242894280004ED83 /* BaseCollectionViewController.swift in Sources */,
				3F8FC914242B28DB006C13D8 /* Extensions+UIStackView.swift in Sources */,
				3F8FC90E242B0FC6006C13D8 /* AppDetailInfoCell.swift in Sources */,
				3FC316CB242BB77D00C84097 /* ReviewsData.swift in Sources */,
				3FAEC4C6242C9565006B07D6 /* AppFullScreenController.swift in Sources */,
				3F30955F2427774D0004ED83 /* Constants.swift in Sources */,
				3FC316BF242B5E1500C84097 /* ScreenshotCell.swift in Sources */,
				3F8FC912242B235E006C13D8 /* AppIconImageView.swift in Sources */,
				3FC316BB242B591200C84097 /* AppDetailPreviewsCell.swift in Sources */,
			);
			runOnlyForDeploymentPostprocessing = 0;
		};
/* End PBXSourcesBuildPhase section */

/* Begin PBXVariantGroup section */
		3F8808642427708F00B80590 /* LaunchScreen.storyboard */ = {
			isa = PBXVariantGroup;
			children = (
				3F8808652427708F00B80590 /* Base */,
			);
			name = LaunchScreen.storyboard;
			sourceTree = "<group>";
		};
/* End PBXVariantGroup section */

/* Begin XCBuildConfiguration section */
		3F8808682427708F00B80590 /* Debug */ = {
			isa = XCBuildConfiguration;
			buildSettings = {
				ALWAYS_SEARCH_USER_PATHS = NO;
				CLANG_ANALYZER_NONNULL = YES;
				CLANG_ANALYZER_NUMBER_OBJECT_CONVERSION = YES_AGGRESSIVE;
				CLANG_CXX_LANGUAGE_STANDARD = "gnu++14";
				CLANG_CXX_LIBRARY = "libc++";
				CLANG_ENABLE_MODULES = YES;
				CLANG_ENABLE_OBJC_ARC = YES;
				CLANG_ENABLE_OBJC_WEAK = YES;
				CLANG_WARN_BLOCK_CAPTURE_AUTORELEASING = YES;
				CLANG_WARN_BOOL_CONVERSION = YES;
				CLANG_WARN_COMMA = YES;
				CLANG_WARN_CONSTANT_CONVERSION = YES;
				CLANG_WARN_DEPRECATED_OBJC_IMPLEMENTATIONS = YES;
				CLANG_WARN_DIRECT_OBJC_ISA_USAGE = YES_ERROR;
				CLANG_WARN_DOCUMENTATION_COMMENTS = YES;
				CLANG_WARN_EMPTY_BODY = YES;
				CLANG_WARN_ENUM_CONVERSION = YES;
				CLANG_WARN_INFINITE_RECURSION = YES;
				CLANG_WARN_INT_CONVERSION = YES;
				CLANG_WARN_NON_LITERAL_NULL_CONVERSION = YES;
				CLANG_WARN_OBJC_IMPLICIT_RETAIN_SELF = YES;
				CLANG_WARN_OBJC_LITERAL_CONVERSION = YES;
				CLANG_WARN_OBJC_ROOT_CLASS = YES_ERROR;
				CLANG_WARN_RANGE_LOOP_ANALYSIS = YES;
				CLANG_WARN_STRICT_PROTOTYPES = YES;
				CLANG_WARN_SUSPICIOUS_MOVE = YES;
				CLANG_WARN_UNGUARDED_AVAILABILITY = YES_AGGRESSIVE;
				CLANG_WARN_UNREACHABLE_CODE = YES;
				CLANG_WARN__DUPLICATE_METHOD_MATCH = YES;
				COPY_PHASE_STRIP = NO;
				DEBUG_INFORMATION_FORMAT = dwarf;
				ENABLE_STRICT_OBJC_MSGSEND = YES;
				ENABLE_TESTABILITY = YES;
				GCC_C_LANGUAGE_STANDARD = gnu11;
				GCC_DYNAMIC_NO_PIC = NO;
				GCC_NO_COMMON_BLOCKS = YES;
				GCC_OPTIMIZATION_LEVEL = 0;
				GCC_PREPROCESSOR_DEFINITIONS = (
					"DEBUG=1",
					"$(inherited)",
				);
				GCC_WARN_64_TO_32_BIT_CONVERSION = YES;
				GCC_WARN_ABOUT_RETURN_TYPE = YES_ERROR;
				GCC_WARN_UNDECLARED_SELECTOR = YES;
				GCC_WARN_UNINITIALIZED_AUTOS = YES_AGGRESSIVE;
				GCC_WARN_UNUSED_FUNCTION = YES;
				GCC_WARN_UNUSED_VARIABLE = YES;
				IPHONEOS_DEPLOYMENT_TARGET = 13.2;
				MTL_ENABLE_DEBUG_INFO = INCLUDE_SOURCE;
				MTL_FAST_MATH = YES;
				ONLY_ACTIVE_ARCH = YES;
				SDKROOT = iphoneos;
				SWIFT_ACTIVE_COMPILATION_CONDITIONS = DEBUG;
				SWIFT_OPTIMIZATION_LEVEL = "-Onone";
			};
			name = Debug;
		};
		3F8808692427708F00B80590 /* Release */ = {
			isa = XCBuildConfiguration;
			buildSettings = {
				ALWAYS_SEARCH_USER_PATHS = NO;
				CLANG_ANALYZER_NONNULL = YES;
				CLANG_ANALYZER_NUMBER_OBJECT_CONVERSION = YES_AGGRESSIVE;
				CLANG_CXX_LANGUAGE_STANDARD = "gnu++14";
				CLANG_CXX_LIBRARY = "libc++";
				CLANG_ENABLE_MODULES = YES;
				CLANG_ENABLE_OBJC_ARC = YES;
				CLANG_ENABLE_OBJC_WEAK = YES;
				CLANG_WARN_BLOCK_CAPTURE_AUTORELEASING = YES;
				CLANG_WARN_BOOL_CONVERSION = YES;
				CLANG_WARN_COMMA = YES;
				CLANG_WARN_CONSTANT_CONVERSION = YES;
				CLANG_WARN_DEPRECATED_OBJC_IMPLEMENTATIONS = YES;
				CLANG_WARN_DIRECT_OBJC_ISA_USAGE = YES_ERROR;
				CLANG_WARN_DOCUMENTATION_COMMENTS = YES;
				CLANG_WARN_EMPTY_BODY = YES;
				CLANG_WARN_ENUM_CONVERSION = YES;
				CLANG_WARN_INFINITE_RECURSION = YES;
				CLANG_WARN_INT_CONVERSION = YES;
				CLANG_WARN_NON_LITERAL_NULL_CONVERSION = YES;
				CLANG_WARN_OBJC_IMPLICIT_RETAIN_SELF = YES;
				CLANG_WARN_OBJC_LITERAL_CONVERSION = YES;
				CLANG_WARN_OBJC_ROOT_CLASS = YES_ERROR;
				CLANG_WARN_RANGE_LOOP_ANALYSIS = YES;
				CLANG_WARN_STRICT_PROTOTYPES = YES;
				CLANG_WARN_SUSPICIOUS_MOVE = YES;
				CLANG_WARN_UNGUARDED_AVAILABILITY = YES_AGGRESSIVE;
				CLANG_WARN_UNREACHABLE_CODE = YES;
				CLANG_WARN__DUPLICATE_METHOD_MATCH = YES;
				COPY_PHASE_STRIP = NO;
				DEBUG_INFORMATION_FORMAT = "dwarf-with-dsym";
				ENABLE_NS_ASSERTIONS = NO;
				ENABLE_STRICT_OBJC_MSGSEND = YES;
				GCC_C_LANGUAGE_STANDARD = gnu11;
				GCC_NO_COMMON_BLOCKS = YES;
				GCC_WARN_64_TO_32_BIT_CONVERSION = YES;
				GCC_WARN_ABOUT_RETURN_TYPE = YES_ERROR;
				GCC_WARN_UNDECLARED_SELECTOR = YES;
				GCC_WARN_UNINITIALIZED_AUTOS = YES_AGGRESSIVE;
				GCC_WARN_UNUSED_FUNCTION = YES;
				GCC_WARN_UNUSED_VARIABLE = YES;
				IPHONEOS_DEPLOYMENT_TARGET = 13.2;
				MTL_ENABLE_DEBUG_INFO = NO;
				MTL_FAST_MATH = YES;
				SDKROOT = iphoneos;
				SWIFT_COMPILATION_MODE = wholemodule;
				SWIFT_OPTIMIZATION_LEVEL = "-O";
				VALIDATE_PRODUCT = YES;
			};
			name = Release;
		};
		3F88086B2427708F00B80590 /* Debug */ = {
			isa = XCBuildConfiguration;
			buildSettings = {
				ASSETCATALOG_COMPILER_APPICON_NAME = AppIcon;
				CODE_SIGN_STYLE = Automatic;
				DEVELOPMENT_TEAM = 5JY88H99VU;
				INFOPLIST_FILE = BestAppStore/Info.plist;
				LD_RUNPATH_SEARCH_PATHS = (
					"$(inherited)",
					"@executable_path/Frameworks",
				);
				PRODUCT_BUNDLE_IDENTIFIER = fi.pasibergman.BestAppStore;
				PRODUCT_NAME = "$(TARGET_NAME)";
				SWIFT_VERSION = 5.0;
				TARGETED_DEVICE_FAMILY = "1,2";
			};
			name = Debug;
		};
		3F88086C2427708F00B80590 /* Release */ = {
			isa = XCBuildConfiguration;
			buildSettings = {
				ASSETCATALOG_COMPILER_APPICON_NAME = AppIcon;
				CODE_SIGN_STYLE = Automatic;
				DEVELOPMENT_TEAM = 5JY88H99VU;
				INFOPLIST_FILE = BestAppStore/Info.plist;
				LD_RUNPATH_SEARCH_PATHS = (
					"$(inherited)",
					"@executable_path/Frameworks",
				);
				PRODUCT_BUNDLE_IDENTIFIER = fi.pasibergman.BestAppStore;
				PRODUCT_NAME = "$(TARGET_NAME)";
				SWIFT_VERSION = 5.0;
				TARGETED_DEVICE_FAMILY = "1,2";
			};
			name = Release;
		};
/* End XCBuildConfiguration section */

/* Begin XCConfigurationList section */
		3F8808512427708D00B80590 /* Build configuration list for PBXProject "BestAppStore" */ = {
			isa = XCConfigurationList;
			buildConfigurations = (
				3F8808682427708F00B80590 /* Debug */,
				3F8808692427708F00B80590 /* Release */,
			);
			defaultConfigurationIsVisible = 0;
			defaultConfigurationName = Release;
		};
		3F88086A2427708F00B80590 /* Build configuration list for PBXNativeTarget "BestAppStore" */ = {
			isa = XCConfigurationList;
			buildConfigurations = (
				3F88086B2427708F00B80590 /* Debug */,
				3F88086C2427708F00B80590 /* Release */,
			);
			defaultConfigurationIsVisible = 0;
			defaultConfigurationName = Release;
		};
/* End XCConfigurationList section */

/* Begin XCRemoteSwiftPackageReference section */
		3F3095742428475C0004ED83 /* XCRemoteSwiftPackageReference "SDWebImage" */ = {
			isa = XCRemoteSwiftPackageReference;
			repositoryURL = "https://github.com/SDWebImage/SDWebImage.git";
			requirement = {
				kind = upToNextMajorVersion;
				minimumVersion = 5.6.1;
			};
		};
/* End XCRemoteSwiftPackageReference section */

/* Begin XCSwiftPackageProductDependency section */
		3F3095752428475C0004ED83 /* SDWebImage */ = {
			isa = XCSwiftPackageProductDependency;
			package = 3F3095742428475C0004ED83 /* XCRemoteSwiftPackageReference "SDWebImage" */;
			productName = SDWebImage;
		};
/* End XCSwiftPackageProductDependency section */
	};
	rootObject = 3F88084E2427708D00B80590 /* Project object */;
}
